
Microsoft Visual Studio Solution File, Format Version 12.00
# Visual Studio Version 17
VisualStudioVersion = 17.0.31903.59
MinimumVisualStudioVersion = 10.0.40219.1
Project("{2150E333-8FDC-42A3-9474-1A3956D46DE8}") = "src", "src", "{827E0CD3-B72D-47B6-A68D-7590B98EB39B}"
EndProject
Project("{FAE04EC0-301F-11D3-BF4B-00C04F79EFBC}") = "HRMS.Domain", "src\HRMS.Domain\HRMS.Domain.csproj", "{0918BB43-C129-41CA-A72D-768A63B4C408}"
EndProject
Project("{FAE04EC0-301F-11D3-BF4B-00C04F79EFBC}") = "HRMS.Shared", "src\HRMS.Shared\HRMS.Shared.csproj", "{23C15C67-3A7F-4A32-BF15-92B7BEF1FF93}"
EndProject
Project("{FAE04EC0-301F-11D3-BF4B-00C04F79EFBC}") = "HRMS.Application", "src\HRMS.Application\HRMS.Application.csproj", "{5232BB83-E411-49FF-8275-06EA16083093}"
EndProject
Project("{FAE04EC0-301F-11D3-BF4B-00C04F79EFBC}") = "HRMS.Infrastructure", "src\HRMS.Infrastructure\HRMS.Infrastructure.csproj", "{DD2709C4-8846-4C6A-8244-E8023EB46D8B}"
EndProject
Project("{FAE04EC0-301F-11D3-BF4B-00C04F79EFBC}") = "HRMS.Persistence", "src\HRMS.Persistence\HRMS.Persistence.csproj", "{FEF3EA65-836D-4DD6-AD91-2861121D5FC2}"
EndProject
Project("{FAE04EC0-301F-11D3-BF4B-00C04F79EFBC}") = "HRMS.API", "src\HRMS.API\HRMS.API.csproj", "{8B18542B-B31D-44B6-8E2D-5D0B0788EE0D}"
EndProject
Global
	GlobalSection(SolutionConfigurationPlatforms) = preSolution
		Debug|Any CPU = Debug|Any CPU
		Debug|x64 = Debug|x64
		Debug|x86 = Debug|x86
		Release|Any CPU = Release|Any CPU
		Release|x64 = Release|x64
		Release|x86 = Release|x86
	EndGlobalSection
	GlobalSection(ProjectConfigurationPlatforms) = postSolution
		{0918BB43-C129-41CA-A72D-768A63B4C408}.Debug|Any CPU.ActiveCfg = Debug|Any CPU
		{0918BB43-C129-41CA-A72D-768A63B4C408}.Debug|Any CPU.Build.0 = Debug|Any CPU
		{0918BB43-C129-41CA-A72D-768A63B4C408}.Debug|x64.ActiveCfg = Debug|Any CPU
		{0918BB43-C129-41CA-A72D-768A63B4C408}.Debug|x64.Build.0 = Debug|Any CPU
		{0918BB43-C129-41CA-A72D-768A63B4C408}.Debug|x86.ActiveCfg = Debug|Any CPU
		{0918BB43-C129-41CA-A72D-768A63B4C408}.Debug|x86.Build.0 = Debug|Any CPU
		{0918BB43-C129-41CA-A72D-768A63B4C408}.Release|Any CPU.ActiveCfg = Release|Any CPU
		{0918BB43-C129-41CA-A72D-768A63B4C408}.Release|Any CPU.Build.0 = Release|Any CPU
		{0918BB43-C129-41CA-A72D-768A63B4C408}.Release|x64.ActiveCfg = Release|Any CPU
		{0918BB43-C129-41CA-A72D-768A63B4C408}.Release|x64.Build.0 = Release|Any CPU
		{0918BB43-C129-41CA-A72D-768A63B4C408}.Release|x86.ActiveCfg = Release|Any CPU
		{0918BB43-C129-41CA-A72D-768A63B4C408}.Release|x86.Build.0 = Release|Any CPU
		{23C15C67-3A7F-4A32-BF15-92B7BEF1FF93}.Debug|Any CPU.ActiveCfg = Debug|Any CPU
		{23C15C67-3A7F-4A32-BF15-92B7BEF1FF93}.Debug|Any CPU.Build.0 = Debug|Any CPU
		{23C15C67-3A7F-4A32-BF15-92B7BEF1FF93}.Debug|x64.ActiveCfg = Debug|Any CPU
		{23C15C67-3A7F-4A32-BF15-92B7BEF1FF93}.Debug|x64.Build.0 = Debug|Any CPU
		{23C15C67-3A7F-4A32-BF15-92B7BEF1FF93}.Debug|x86.ActiveCfg = Debug|Any CPU
		{23C15C67-3A7F-4A32-BF15-92B7BEF1FF93}.Debug|x86.Build.0 = Debug|Any CPU
		{23C15C67-3A7F-4A32-BF15-92B7BEF1FF93}.Release|Any CPU.ActiveCfg = Release|Any CPU
		{23C15C67-3A7F-4A32-BF15-92B7BEF1FF93}.Release|Any CPU.Build.0 = Release|Any CPU
		{23C15C67-3A7F-4A32-BF15-92B7BEF1FF93}.Release|x64.ActiveCfg = Release|Any CPU
		{23C15C67-3A7F-4A32-BF15-92B7BEF1FF93}.Release|x64.Build.0 = Release|Any CPU
		{23C15C67-3A7F-4A32-BF15-92B7BEF1FF93}.Release|x86.ActiveCfg = Release|Any CPU
		{23C15C67-3A7F-4A32-BF15-92B7BEF1FF93}.Release|x86.Build.0 = Release|Any CPU
		{5232BB83-E411-49FF-8275-06EA16083093}.Debug|Any CPU.ActiveCfg = Debug|Any CPU
		{5232BB83-E411-49FF-8275-06EA16083093}.Debug|Any CPU.Build.0 = Debug|Any CPU
		{5232BB83-E411-49FF-8275-06EA16083093}.Debug|x64.ActiveCfg = Debug|Any CPU
		{5232BB83-E411-49FF-8275-06EA16083093}.Debug|x64.Build.0 = Debug|Any CPU
		{5232BB83-E411-49FF-8275-06EA16083093}.Debug|x86.ActiveCfg = Debug|Any CPU
		{5232BB83-E411-49FF-8275-06EA16083093}.Debug|x86.Build.0 = Debug|Any CPU
		{5232BB83-E411-49FF-8275-06EA16083093}.Release|Any CPU.ActiveCfg = Release|Any CPU
		{5232BB83-E411-49FF-8275-06EA16083093}.Release|Any CPU.Build.0 = Release|Any CPU
		{5232BB83-E411-49FF-8275-06EA16083093}.Release|x64.ActiveCfg = Release|Any CPU
		{5232BB83-E411-49FF-8275-06EA16083093}.Release|x64.Build.0 = Release|Any CPU
		{5232BB83-E411-49FF-8275-06EA16083093}.Release|x86.ActiveCfg = Release|Any CPU
		{5232BB83-E411-49FF-8275-06EA16083093}.Release|x86.Build.0 = Release|Any CPU
		{DD2709C4-8846-4C6A-8244-E8023EB46D8B}.Debug|Any CPU.ActiveCfg = Debug|Any CPU
		{DD2709C4-8846-4C6A-8244-E8023EB46D8B}.Debug|Any CPU.Build.0 = Debug|Any CPU
		{DD2709C4-8846-4C6A-8244-E8023EB46D8B}.Debug|x64.ActiveCfg = Debug|Any CPU
		{DD2709C4-8846-4C6A-8244-E8023EB46D8B}.Debug|x64.Build.0 = Debug|Any CPU
		{DD2709C4-8846-4C6A-8244-E8023EB46D8B}.Debug|x86.ActiveCfg = Debug|Any CPU
		{DD2709C4-8846-4C6A-8244-E8023EB46D8B}.Debug|x86.Build.0 = Debug|Any CPU
		{DD2709C4-8846-4C6A-8244-E8023EB46D8B}.Release|Any CPU.ActiveCfg = Release|Any CPU
		{DD2709C4-8846-4C6A-8244-E8023EB46D8B}.Release|Any CPU.Build.0 = Release|Any CPU
		{DD2709C4-8846-4C6A-8244-E8023EB46D8B}.Release|x64.ActiveCfg = Release|Any CPU
		{DD2709C4-8846-4C6A-8244-E8023EB46D8B}.Release|x64.Build.0 = Release|Any CPU
		{DD2709C4-8846-4C6A-8244-E8023EB46D8B}.Release|x86.ActiveCfg = Release|Any CPU
		{DD2709C4-8846-4C6A-8244-E8023EB46D8B}.Release|x86.Build.0 = Release|Any CPU
		{FEF3EA65-836D-4DD6-AD91-2861121D5FC2}.Debug|Any CPU.ActiveCfg = Debug|Any CPU
		{FEF3EA65-836D-4DD6-AD91-2861121D5FC2}.Debug|Any CPU.Build.0 = Debug|Any CPU
		{FEF3EA65-836D-4DD6-AD91-2861121D5FC2}.Debug|x64.ActiveCfg = Debug|Any CPU
		{FEF3EA65-836D-4DD6-AD91-2861121D5FC2}.Debug|x64.Build.0 = Debug|Any CPU
		{FEF3EA65-836D-4DD6-AD91-2861121D5FC2}.Debug|x86.ActiveCfg = Debug|Any CPU
		{FEF3EA65-836D-4DD6-AD91-2861121D5FC2}.Debug|x86.Build.0 = Debug|Any CPU
		{FEF3EA65-836D-4DD6-AD91-2861121D5FC2}.Release|Any CPU.ActiveCfg = Release|Any CPU
		{FEF3EA65-836D-4DD6-AD91-2861121D5FC2}.Release|Any CPU.Build.0 = Release|Any CPU
		{FEF3EA65-836D-4DD6-AD91-2861121D5FC2}.Release|x64.ActiveCfg = Release|Any CPU
		{FEF3EA65-836D-4DD6-AD91-2861121D5FC2}.Release|x64.Build.0 = Release|Any CPU
		{FEF3EA65-836D-4DD6-AD91-2861121D5FC2}.Release|x86.ActiveCfg = Release|Any CPU
		{FEF3EA65-836D-4DD6-AD91-2861121D5FC2}.Release|x86.Build.0 = Release|Any CPU
		{8B18542B-B31D-44B6-8E2D-5D0B0788EE0D}.Debug|Any CPU.ActiveCfg = Debug|Any CPU
		{8B18542B-B31D-44B6-8E2D-5D0B0788EE0D}.Debug|Any CPU.Build.0 = Debug|Any CPU
		{8B18542B-B31D-44B6-8E2D-5D0B0788EE0D}.Debug|x64.ActiveCfg = Debug|Any CPU
		{8B18542B-B31D-44B6-8E2D-5D0B0788EE0D}.Debug|x64.Build.0 = Debug|Any CPU
		{8B18542B-B31D-44B6-8E2D-5D0B0788EE0D}.Debug|x86.ActiveCfg = Debug|Any CPU
		{8B18542B-B31D-44B6-8E2D-5D0B0788EE0D}.Debug|x86.Build.0 = Debug|Any CPU
		{8B18542B-B31D-44B6-8E2D-5D0B0788EE0D}.Release|Any CPU.ActiveCfg = Release|Any CPU
		{8B18542B-B31D-44B6-8E2D-5D0B0788EE0D}.Release|Any CPU.Build.0 = Release|Any CPU
		{8B18542B-B31D-44B6-8E2D-5D0B0788EE0D}.Release|x64.ActiveCfg = Release|Any CPU
		{8B18542B-B31D-44B6-8E2D-5D0B0788EE0D}.Release|x64.Build.0 = Release|Any CPU
		{8B18542B-B31D-44B6-8E2D-5D0B0788EE0D}.Release|x86.ActiveCfg = Release|Any CPU
		{8B18542B-B31D-44B6-8E2D-5D0B0788EE0D}.Release|x86.Build.0 = Release|Any CPU
	EndGlobalSection
	GlobalSection(SolutionProperties) = preSolution
		HideSolutionNode = FALSE
	EndGlobalSection
	GlobalSection(NestedProjects) = preSolution
		{0918BB43-C129-41CA-A72D-768A63B4C408} = {827E0CD3-B72D-47B6-A68D-7590B98EB39B}
		{23C15C67-3A7F-4A32-BF15-92B7BEF1FF93} = {827E0CD3-B72D-47B6-A68D-7590B98EB39B}
		{5232BB83-E411-49FF-8275-06EA16083093} = {827E0CD3-B72D-47B6-A68D-7590B98EB39B}
		{DD2709C4-8846-4C6A-8244-E8023EB46D8B} = {827E0CD3-B72D-47B6-A68D-7590B98EB39B}
		{FEF3EA65-836D-4DD6-AD91-2861121D5FC2} = {827E0CD3-B72D-47B6-A68D-7590B98EB39B}
		{8B18542B-B31D-44B6-8E2D-5D0B0788EE0D} = {827E0CD3-B72D-47B6-A68D-7590B98EB39B}
	EndGlobalSection
EndGlobal
